{
  "lockfileVersion": 1,
  "configVersion": 1,
  "workspaces": {
    "": {
      "dependencies": {
        "@opencode-ai/plugin": "1.0.203",
      },
    },
  },
  "packages": {
    "@opencode-ai/plugin": ["@opencode-ai/plugin@1.0.203", "", { "dependencies": { "@opencode-ai/sdk": "1.0.203", "zod": "4.1.8" } }, "sha512-8dBRCOzivtCaqFURvhL9Hvu+KwBczdxnMA6Az5DoP49PpXnddvVbyVzAg3xv0dqMoae2X2AVGfa7Eph9SNSXdg=="],

    "@opencode-ai/sdk": ["@opencode-ai/sdk@1.0.203", "", {}, "sha512-Chr/eWlb5jB+aluf70t9H0zv0tkb+otVnnkZQg3xrB7dtHJc6SxqsixAjTGnND6v3mURwchYb0UdcnGM7dOcng=="],

    "zod": ["zod@4.1.8", "", {}, "sha512-5R1P+WwQqmmMIEACyzSvo4JXHY5WiAFHRMg+zBZKgKS+Q1viRa0C1hmUKtHltoIFKtIdki3pRxkmpP74jnNYHQ=="],
  }
}
