{
  "lockfileVersion": 1,
  "configVersion": 1,
  "workspaces": {
    "": {
      "dependencies": {
        "@opencode-ai/plugin": "1.1.11",
      },
    },
  },
  "packages": {
    "@opencode-ai/plugin": ["@opencode-ai/plugin@1.1.11", "", { "dependencies": { "@opencode-ai/sdk": "1.1.11", "zod": "4.1.8" } }, "sha512-HY6iu9rIajBYcGnz7EXD7652+9Q90VNGVopyAmcF/hxOQ3oN/gGxfyzp3RHatszhsSzGLy0JjZoPZWLKMo5iYA=="],

    "@opencode-ai/sdk": ["@opencode-ai/sdk@1.1.11", "", {}, "sha512-vqdNDz8Q+4bygmDdQem6oxhU31ci4JVdoND4ZJNeCs9x6OIU6MM3ybgemGpzNkgtJDlfb4xCdrPaZZ6Sr3V1IQ=="],

    "zod": ["zod@4.1.8", "", {}, "sha512-5R1P+WwQqmmMIEACyzSvo4JXHY5WiAFHRMg+zBZKgKS+Q1viRa0C1hmUKtHltoIFKtIdki3pRxkmpP74jnNYHQ=="],
  }
}
