{
  "lockfileVersion": 1,
  "configVersion": 1,
  "workspaces": {
    "": {
      "dependencies": {
        "@opencode-ai/plugin": "1.0.222",
      },
    },
  },
  "packages": {
    "@opencode-ai/plugin": ["@opencode-ai/plugin@1.0.222", "", { "dependencies": { "@opencode-ai/sdk": "1.0.222", "zod": "4.1.8" } }, "sha512-PiAIAUfMGuotEUExpxF11qLd+uBMnfpaLa0IdOP4J1DTEwrR5JCR097TouWy8O3zJqhwwlrxHUkojmw1WgVwoQ=="],

    "@opencode-ai/sdk": ["@opencode-ai/sdk@1.0.222", "", {}, "sha512-t92owHoFYhYlbi7RgOlor+gUkji7wUk3jm7gtzJQC3tJCYNMSEaPhHUYVtYwhsZVAIZBzdbeR8/h9tgSlYNofw=="],

    "zod": ["zod@4.1.8", "", {}, "sha512-5R1P+WwQqmmMIEACyzSvo4JXHY5WiAFHRMg+zBZKgKS+Q1viRa0C1hmUKtHltoIFKtIdki3pRxkmpP74jnNYHQ=="],
  }
}
